
Microsoft Visual Studio Solution File, Format Version 12.00
# Visual Studio Version 17
VisualStudioVersion = 17.2.32630.192
MinimumVisualStudioVersion = 10.0.40219.1
Project("{FAE04EC0-301F-11D3-BF4B-00C04F79EFBC}") = "120822_ListeArama", "120822_ListeArama\120822_ListeArama.csproj", "{FC1BF78E-783B-4D56-82DF-67946489ED8E}"
EndProject
Global
	GlobalSection(SolutionConfigurationPlatforms) = preSolution
		Debug|Any CPU = Debug|Any CPU
		Release|Any CPU = Release|Any CPU
	EndGlobalSection
	GlobalSection(ProjectConfigurationPlatforms) = postSolution
		{FC1BF78E-783B-4D56-82DF-67946489ED8E}.Debug|Any CPU.ActiveCfg = Debug|Any CPU
		{FC1BF78E-783B-4D56-82DF-67946489ED8E}.Debug|Any CPU.Build.0 = Debug|Any CPU
		{FC1BF78E-783B-4D56-82DF-67946489ED8E}.Release|Any CPU.ActiveCfg = Release|Any CPU
		{FC1BF78E-783B-4D56-82DF-67946489ED8E}.Release|Any CPU.Build.0 = Release|Any CPU
	EndGlobalSection
	GlobalSection(SolutionProperties) = preSolution
		HideSolutionNode = FALSE
	EndGlobalSection
	GlobalSection(ExtensibilityGlobals) = postSolution
		SolutionGuid = {E57C07D6-765A-4831-A5EC-1D4CA20670A2}
	EndGlobalSection
EndGlobal
